
Microsoft Visual Studio Solution File, Format Version 12.00
# Visual Studio Version 17
VisualStudioVersion = 17.8.34511.84
MinimumVisualStudioVersion = 10.0.40219.1
Project("{FAE04EC0-301F-11D3-BF4B-00C04F79EFBC}") = "COMP003B.Lecture3", "COMP003B.Lecture3\COMP003B.Lecture3.csproj", "{7E814B8B-1845-49BF-8A01-1C10FD6390EC}"
EndProject
Global
	GlobalSection(SolutionConfigurationPlatforms) = preSolution
		Debug|Any CPU = Debug|Any CPU
		Release|Any CPU = Release|Any CPU
	EndGlobalSection
	GlobalSection(ProjectConfigurationPlatforms) = postSolution
		{7E814B8B-1845-49BF-8A01-1C10FD6390EC}.Debug|Any CPU.ActiveCfg = Debug|Any CPU
		{7E814B8B-1845-49BF-8A01-1C10FD6390EC}.Debug|Any CPU.Build.0 = Debug|Any CPU
		{7E814B8B-1845-49BF-8A01-1C10FD6390EC}.Release|Any CPU.ActiveCfg = Release|Any CPU
		{7E814B8B-1845-49BF-8A01-1C10FD6390EC}.Release|Any CPU.Build.0 = Release|Any CPU
	EndGlobalSection
	GlobalSection(SolutionProperties) = preSolution
		HideSolutionNode = FALSE
	EndGlobalSection
	GlobalSection(ExtensibilityGlobals) = postSolution
		SolutionGuid = {499607B7-F1CC-4CFC-A9B7-27E57CE95639}
	EndGlobalSection
EndGlobal
